{
  "name": "@hocuspocus/server",
  "version": "1.0.0-alpha.90",
  "lockfileVersion": 2,
  "requires": true,
  "packages": {
    "": {
      "name": "@hocuspocus/server",
      "version": "1.0.0-alpha.89",
      "license": "MIT",
      "dependencies": {
        "@hocuspocus/common": "^1.0.0-alpha.4",
        "@types/async-lock": "^1.1.3",
        "@types/uuid": "^8.3.3",
        "@types/ws": "^8.2.1",
        "async-lock": "^1.3.0",
        "kleur": "^4.1.4",
        "lib0": "^0.2.43",
        "uuid": "^8.3.2",
        "ws": "^8.3.0",
        "yjs": "^13.5.22"
      }
    },
    "node_modules/@hocuspocus/common": {
      "version": "1.0.0-alpha.4",
      "resolved": "https://registry.npmjs.org/@hocuspocus/common/-/common-1.0.0-alpha.4.tgz",
      "integrity": "sha512-LvKj+ASSWnvjFB7n2bl7BUGFKF9XFFP1oA3/XmKl3c7wUIvoN1Ir3sX8XnN6qBA3S2CoruEHHk+KPS6zMSMfHA=="
    },
    "node_modules/@types/async-lock": {
      "version": "1.1.3",
      "resolved": "https://registry.npmjs.org/@types/async-lock/-/async-lock-1.1.3.tgz",
      "integrity": "sha512-UpeDcjGKsYEQMeqEbfESm8OWJI305I7b9KE4ji3aBjoKWyN5CTdn8izcA1FM1DVDne30R5fNEnIy89vZw5LXJQ=="
    },
    "node_modules/@types/node": {
      "version": "16.11.11",
      "resolved": "https://registry.npmjs.org/@types/node/-/node-16.11.11.tgz",
      "integrity": "sha512-KB0sixD67CeecHC33MYn+eYARkqTheIRNuu97y2XMjR7Wu3XibO1vaY6VBV6O/a89SPI81cEUIYT87UqUWlZNw=="
    },
    "node_modules/@types/uuid": {
      "version": "8.3.3",
      "resolved": "https://registry.npmjs.org/@types/uuid/-/uuid-8.3.3.tgz",
      "integrity": "sha512-0LbEEx1zxrYB3pgpd1M5lEhLcXjKJnYghvhTRgaBeUivLHMDM1TzF3IJ6hXU2+8uA4Xz+5BA63mtZo5DjVT8iA=="
    },
    "node_modules/@types/ws": {
      "version": "8.2.1",
      "resolved": "https://registry.npmjs.org/@types/ws/-/ws-8.2.1.tgz",
      "integrity": "sha512-SqQ+LhVZaJi7c7sYVkjWALDigi/Wy7h7Iu72gkQp8Y8OWw/DddEVBrTSKu86pQftV2+Gm8lYM61hadPKqyaIeg==",
      "dependencies": {
        "@types/node": "*"
      }
    },
    "node_modules/async-lock": {
      "version": "1.3.0",
      "resolved": "https://registry.npmjs.org/async-lock/-/async-lock-1.3.0.tgz",
      "integrity": "sha512-8A7SkiisnEgME2zEedtDYPxUPzdv3x//E7n5IFktPAtMYSEAV7eNJF0rMwrVyUFj6d/8rgajLantbjcNRQYXIg=="
    },
    "node_modules/isomorphic.js": {
      "version": "0.2.4",
      "resolved": "https://registry.npmjs.org/isomorphic.js/-/isomorphic.js-0.2.4.tgz",
      "integrity": "sha512-Y4NjZceAwaPXctwsHgNsmfuPxR8lJ3f8X7QTAkhltrX4oGIv+eTlgHLXn4tWysC9zGTi929gapnPp+8F8cg7nA==",
      "funding": {
        "type": "GitHub Sponsors ❤",
        "url": "https://github.com/sponsors/dmonad"
      }
    },
    "node_modules/kleur": {
      "version": "4.1.4",
      "resolved": "https://registry.npmjs.org/kleur/-/kleur-4.1.4.tgz",
      "integrity": "sha512-8QADVssbrFjivHWQU7KkMgptGTl6WAcSdlbBPY4uNF+mWr6DGcKrvY2w4FQJoXch7+fKMjj0dRrL75vk3k23OA==",
      "engines": {
        "node": ">=6"
      }
    },
    "node_modules/lib0": {
      "version": "0.2.43",
      "resolved": "https://registry.npmjs.org/lib0/-/lib0-0.2.43.tgz",
      "integrity": "sha512-MJ1KLoz5p3gljIUBfdjjNuL/wlWHHK6+DrcIRhzSRLvtAu1XNdRtRGATYM51KSTI0P2nxJZFQM8rwCH6ga9KUw==",
      "dependencies": {
        "isomorphic.js": "^0.2.4"
      },
      "engines": {
        "node": ">=12"
      },
      "funding": {
        "type": "GitHub Sponsors ❤",
        "url": "https://github.com/sponsors/dmonad"
      }
    },
    "node_modules/uuid": {
      "version": "8.3.2",
      "license": "MIT",
      "bin": {
        "uuid": "dist/bin/uuid"
      }
    },
    "node_modules/ws": {
      "version": "8.3.0",
      "resolved": "https://registry.npmjs.org/ws/-/ws-8.3.0.tgz",
      "integrity": "sha512-Gs5EZtpqZzLvmIM59w4igITU57lrtYVFneaa434VROv4thzJyV6UjIL3D42lslWlI+D4KzLYnxSwtfuiO79sNw==",
      "engines": {
        "node": ">=10.0.0"
      },
      "peerDependencies": {
        "bufferutil": "^4.0.1",
        "utf-8-validate": "^5.0.2"
      },
      "peerDependenciesMeta": {
        "bufferutil": {
          "optional": true
        },
        "utf-8-validate": {
          "optional": true
        }
      }
    },
    "node_modules/yjs": {
      "version": "13.5.22",
      "resolved": "https://registry.npmjs.org/yjs/-/yjs-13.5.22.tgz",
      "integrity": "sha512-qxsVlu/E2dLUUtJyhDbwkhrw1gWbdE+UWzVI2VEeY6G1M8TYI51VvXSoPC/4QQMNIyEdsCOW2cWxPUyoCH43gw==",
      "hasInstallScript": true,
      "dependencies": {
        "lib0": "^0.2.43"
      },
      "funding": {
        "type": "GitHub Sponsors ❤",
        "url": "https://github.com/sponsors/dmonad"
      }
    }
  },
  "dependencies": {
    "@hocuspocus/common": {
      "version": "1.0.0-alpha.4",
      "resolved": "https://registry.npmjs.org/@hocuspocus/common/-/common-1.0.0-alpha.4.tgz",
      "integrity": "sha512-LvKj+ASSWnvjFB7n2bl7BUGFKF9XFFP1oA3/XmKl3c7wUIvoN1Ir3sX8XnN6qBA3S2CoruEHHk+KPS6zMSMfHA=="
    },
    "@types/async-lock": {
      "version": "1.1.3",
      "resolved": "https://registry.npmjs.org/@types/async-lock/-/async-lock-1.1.3.tgz",
      "integrity": "sha512-UpeDcjGKsYEQMeqEbfESm8OWJI305I7b9KE4ji3aBjoKWyN5CTdn8izcA1FM1DVDne30R5fNEnIy89vZw5LXJQ=="
    },
    "@types/node": {
      "version": "16.11.11",
      "resolved": "https://registry.npmjs.org/@types/node/-/node-16.11.11.tgz",
      "integrity": "sha512-KB0sixD67CeecHC33MYn+eYARkqTheIRNuu97y2XMjR7Wu3XibO1vaY6VBV6O/a89SPI81cEUIYT87UqUWlZNw=="
    },
    "@types/uuid": {
      "version": "8.3.3",
      "resolved": "https://registry.npmjs.org/@types/uuid/-/uuid-8.3.3.tgz",
      "integrity": "sha512-0LbEEx1zxrYB3pgpd1M5lEhLcXjKJnYghvhTRgaBeUivLHMDM1TzF3IJ6hXU2+8uA4Xz+5BA63mtZo5DjVT8iA=="
    },
    "@types/ws": {
      "version": "8.2.1",
      "resolved": "https://registry.npmjs.org/@types/ws/-/ws-8.2.1.tgz",
      "integrity": "sha512-SqQ+LhVZaJi7c7sYVkjWALDigi/Wy7h7Iu72gkQp8Y8OWw/DddEVBrTSKu86pQftV2+Gm8lYM61hadPKqyaIeg==",
      "requires": {
        "@types/node": "*"
      }
    },
    "async-lock": {
      "version": "1.3.0",
      "resolved": "https://registry.npmjs.org/async-lock/-/async-lock-1.3.0.tgz",
      "integrity": "sha512-8A7SkiisnEgME2zEedtDYPxUPzdv3x//E7n5IFktPAtMYSEAV7eNJF0rMwrVyUFj6d/8rgajLantbjcNRQYXIg=="
    },
    "isomorphic.js": {
      "version": "0.2.4",
      "resolved": "https://registry.npmjs.org/isomorphic.js/-/isomorphic.js-0.2.4.tgz",
      "integrity": "sha512-Y4NjZceAwaPXctwsHgNsmfuPxR8lJ3f8X7QTAkhltrX4oGIv+eTlgHLXn4tWysC9zGTi929gapnPp+8F8cg7nA=="
    },
    "kleur": {
      "version": "4.1.4",
      "resolved": "https://registry.npmjs.org/kleur/-/kleur-4.1.4.tgz",
      "integrity": "sha512-8QADVssbrFjivHWQU7KkMgptGTl6WAcSdlbBPY4uNF+mWr6DGcKrvY2w4FQJoXch7+fKMjj0dRrL75vk3k23OA=="
    },
    "lib0": {
      "version": "0.2.43",
      "resolved": "https://registry.npmjs.org/lib0/-/lib0-0.2.43.tgz",
      "integrity": "sha512-MJ1KLoz5p3gljIUBfdjjNuL/wlWHHK6+DrcIRhzSRLvtAu1XNdRtRGATYM51KSTI0P2nxJZFQM8rwCH6ga9KUw==",
      "requires": {
        "isomorphic.js": "^0.2.4"
      }
    },
    "uuid": {
      "version": "8.3.2"
    },
    "ws": {
      "version": "8.3.0",
      "resolved": "https://registry.npmjs.org/ws/-/ws-8.3.0.tgz",
      "integrity": "sha512-Gs5EZtpqZzLvmIM59w4igITU57lrtYVFneaa434VROv4thzJyV6UjIL3D42lslWlI+D4KzLYnxSwtfuiO79sNw==",
      "requires": {}
    },
    "yjs": {
      "version": "13.5.22",
      "resolved": "https://registry.npmjs.org/yjs/-/yjs-13.5.22.tgz",
      "integrity": "sha512-qxsVlu/E2dLUUtJyhDbwkhrw1gWbdE+UWzVI2VEeY6G1M8TYI51VvXSoPC/4QQMNIyEdsCOW2cWxPUyoCH43gw==",
      "requires": {
        "lib0": "^0.2.43"
      }
    }
  }
}
